// !$*UTF8*$!
{
	archiveVersion = 1;
	classes = {
	};
	objectVersion = 46;
	objects = {

/* Begin PBXBuildFile section */
		5F1FF0991DF6A61A00C77CDE /* main.m in Sources */ = {isa = PBXBuildFile; fileRef = 5F1FF0981DF6A61A00C77CDE /* main.m */; };
		5F1FF09C1DF6A61A00C77CDE /* AppDelegate.m in Sources */ = {isa = PBXBuildFile; fileRef = 5F1FF09B1DF6A61A00C77CDE /* AppDelegate.m */; };
		5F1FF09F1DF6A61A00C77CDE /* ViewController.m in Sources */ = {isa = PBXBuildFile; fileRef = 5F1FF09E1DF6A61A00C77CDE /* ViewController.m */; };
		5F1FF0A21DF6A61A00C77CDE /* Main.storyboard in Resources */ = {isa = PBXBuildFile; fileRef = 5F1FF0A01DF6A61A00C77CDE /* Main.storyboard */; };
		5F1FF0A41DF6A61A00C77CDE /* Assets.xcassets in Resources */ = {isa = PBXBuildFile; fileRef = 5F1FF0A31DF6A61A00C77CDE /* Assets.xcassets */; };
		5F1FF0A71DF6A61A00C77CDE /* LaunchScreen.storyboard in Resources */ = {isa = PBXBuildFile; fileRef = 5F1FF0A51DF6A61A00C77CDE /* LaunchScreen.storyboard */; };
		5F1FF0B21DF6A61A00C77CDE /* CAShapeLayerDemoTests.m in Sources */ = {isa = PBXBuildFile; fileRef = 5F1FF0B11DF6A61A00C77CDE /* CAShapeLayerDemoTests.m */; };
		5F1FF0BD1DF6A61A00C77CDE /* CAShapeLayerDemoUITests.m in Sources */ = {isa = PBXBuildFile; fileRef = 5F1FF0BC1DF6A61A00C77CDE /* CAShapeLayerDemoUITests.m */; };
/* End PBXBuildFile section */

/* Begin PBXContainerItemProxy section */
		5F1FF0AE1DF6A61A00C77CDE /* PBXContainerItemProxy */ = {
			isa = PBXContainerItemProxy;
			containerPortal = 5F1FF08C1DF6A61A00C77CDE /* Project object */;
			proxyType = 1;
			remoteGlobalIDString = 5F1FF0931DF6A61A00C77CDE;
			remoteInfo = CAShapeLayerDemo;
		};
		5F1FF0B91DF6A61A00C77CDE /* PBXContainerItemProxy */ = {
			isa = PBXContainerItemProxy;
			containerPortal = 5F1FF08C1DF6A61A00C77CDE /* Project object */;
			proxyType = 1;
			remoteGlobalIDString = 5F1FF0931DF6A61A00C77CDE;
			remoteInfo = CAShapeLayerDemo;
		};
/* End PBXContainerItemProxy section */

/* Begin PBXFileReference section */
		5F1FF0941DF6A61A00C77CDE /* CAShapeLayerDemo.app */ = {isa = PBXFileReference; explicitFileType = wrapper.application; includeInIndex = 0; path = CAShapeLayerDemo.app; sourceTree = BUILT_PRODUCTS_DIR; };
		5F1FF0981DF6A61A00C77CDE /* main.m */ = {isa = PBXFileReference; lastKnownFileType = sourcecode.c.objc; path = main.m; sourceTree = "<group>"; };
		5F1FF09A1DF6A61A00C77CDE /* AppDelegate.h */ = {isa = PBXFileReference; lastKnownFileType = sourcecode.c.h; path = AppDelegate.h; sourceTree = "<group>"; };
		5F1FF09B1DF6A61A00C77CDE /* AppDelegate.m */ = {isa = PBXFileReference; lastKnownFileType = sourcecode.c.objc; path = AppDelegate.m; sourceTree = "<group>"; };
		5F1FF09D1DF6A61A00C77CDE /* ViewController.h */ = {isa = PBXFileReference; lastKnownFileType = sourcecode.c.h; path = ViewController.h; sourceTree = "<group>"; };
		5F1FF09E1DF6A61A00C77CDE /* ViewController.m */ = {isa = PBXFileReference; lastKnownFileType = sourcecode.c.objc; path = ViewController.m; sourceTree = "<group>"; };
		5F1FF0A11DF6A61A00C77CDE /* Base */ = {isa = PBXFileReference; lastKnownFileType = file.storyboard; name = Base; path = Base.lproj/Main.storyboard; sourceTree = "<group>"; };
		5F1FF0A31DF6A61A00C77CDE /* Assets.xcassets */ = {isa = PBXFileReference; lastKnownFileType = folder.assetcatalog; path = Assets.xcassets; sourceTree = "<group>"; };
		5F1FF0A61DF6A61A00C77CDE /* Base */ = {isa = PBXFileReference; lastKnownFileType = file.storyboard; name = Base; path = Base.lproj/LaunchScreen.storyboard; sourceTree = "<group>"; };
		5F1FF0A81DF6A61A00C77CDE /* Info.plist */ = {isa = PBXFileReference; lastKnownFileType = text.plist.xml; path = Info.plist; sourceTree = "<group>"; };
		5F1FF0AD1DF6A61A00C77CDE /* CAShapeLayerDemoTests.xctest */ = {isa = PBXFileReference; explicitFileType = wrapper.cfbundle; includeInIndex = 0; path = CAShapeLayerDemoTests.xctest; sourceTree = BUILT_PRODUCTS_DIR; };
		5F1FF0B11DF6A61A00C77CDE /* CAShapeLayerDemoTests.m */ = {isa = PBXFileReference; lastKnownFileType = sourcecode.c.objc; path = CAShapeLayerDemoTests.m; sourceTree = "<group>"; };
		5F1FF0B31DF6A61A00C77CDE /* Info.plist */ = {isa = PBXFileReference; lastKnownFileType = text.plist.xml; path = Info.plist; sourceTree = "<group>"; };
		5F1FF0B81DF6A61A00C77CDE /* CAShapeLayerDemoUITests.xctest */ = {isa = PBXFileReference; explicitFileType = wrapper.cfbundle; includeInIndex = 0; path = CAShapeLayerDemoUITests.xctest; sourceTree = BUILT_PRODUCTS_DIR; };
		5F1FF0BC1DF6A61A00C77CDE /* CAShapeLayerDemoUITests.m */ = {isa = PBXFileReference; lastKnownFileType = sourcecode.c.objc; path = CAShapeLayerDemoUITests.m; sourceTree = "<group>"; };
		5F1FF0BE1DF6A61A00C77CDE /* Info.plist */ = {isa = PBXFileReference; lastKnownFileType = text.plist.xml; path = Info.plist; sourceTree = "<group>"; };
/* End PBXFileReference section */

/* Begin PBXFrameworksBuildPhase section */
		5F1FF0911DF6A61A00C77CDE /* Frameworks */ = {
			isa = PBXFrameworksBuildPhase;
			buildActionMask = 2147483647;
			files = (
			);
			runOnlyForDeploymentPostprocessing = 0;
		};
		5F1FF0AA1DF6A61A00C77CDE /* Frameworks */ = {
			isa = PBXFrameworksBuildPhase;
			buildActionMask = 2147483647;
			files = (
			);
			runOnlyForDeploymentPostprocessing = 0;
		};
		5F1FF0B51DF6A61A00C77CDE /* Frameworks */ = {
			isa = PBXFrameworksBuildPhase;
			buildActionMask = 2147483647;
			files = (
			);
			runOnlyForDeploymentPostprocessing = 0;
		};
/* End PBXFrameworksBuildPhase section */

/* Begin PBXGroup section */
		5F1FF08B1DF6A61A00C77CDE = {
			isa = PBXGroup;
			children = (
				5F1FF0961DF6A61A00C77CDE /* CAShapeLayerDemo */,
				5F1FF0B01DF6A61A00C77CDE /* CAShapeLayerDemoTests */,
				5F1FF0BB1DF6A61A00C77CDE /* CAShapeLayerDemoUITests */,
				5F1FF0951DF6A61A00C77CDE /* Products */,
			);
			sourceTree = "<group>";
		};
		5F1FF0951DF6A61A00C77CDE /* Products */ = {
			isa = PBXGroup;
			children = (
				5F1FF0941DF6A61A00C77CDE /* CAShapeLayerDemo.app */,
				5F1FF0AD1DF6A61A00C77CDE /* CAShapeLayerDemoTests.xctest */,
				5F1FF0B81DF6A61A00C77CDE /* CAShapeLayerDemoUITests.xctest */,
			);
			name = Products;
			sourceTree = "<group>";
		};
		5F1FF0961DF6A61A00C77CDE /* CAShapeLayerDemo */ = {
			isa = PBXGroup;
			children = (
				5F1FF09A1DF6A61A00C77CDE /* AppDelegate.h */,
				5F1FF09B1DF6A61A00C77CDE /* AppDelegate.m */,
				5F1FF09D1DF6A61A00C77CDE /* ViewController.h */,
				5F1FF09E1DF6A61A00C77CDE /* ViewController.m */,
				5F1FF0A01DF6A61A00C77CDE /* Main.storyboard */,
				5F1FF0A31DF6A61A00C77CDE /* Assets.xcassets */,
				5F1FF0A51DF6A61A00C77CDE /* LaunchScreen.storyboard */,
				5F1FF0A81DF6A61A00C77CDE /* Info.plist */,
				5F1FF0971DF6A61A00C77CDE /* Supporting Files */,
			);
			path = CAShapeLayerDemo;
			sourceTree = "<group>";
		};
		5F1FF0971DF6A61A00C77CDE /* Supporting Files */ = {
			isa = PBXGroup;
			children = (
				5F1FF0981DF6A61A00C77CDE /* main.m */,
			);
			name = "Supporting Files";
			sourceTree = "<group>";
		};
		5F1FF0B01DF6A61A00C77CDE /* CAShapeLayerDemoTests */ = {
			isa = PBXGroup;
			children = (
				5F1FF0B11DF6A61A00C77CDE /* CAShapeLayerDemoTests.m */,
				5F1FF0B31DF6A61A00C77CDE /* Info.plist */,
			);
			path = CAShapeLayerDemoTests;
			sourceTree = "<group>";
		};
		5F1FF0BB1DF6A61A00C77CDE /* CAShapeLayerDemoUITests */ = {
			isa = PBXGroup;
			children = (
				5F1FF0BC1DF6A61A00C77CDE /* CAShapeLayerDemoUITests.m */,
				5F1FF0BE1DF6A61A00C77CDE /* Info.plist */,
			);
			path = CAShapeLayerDemoUITests;
			sourceTree = "<group>";
		};
/* End PBXGroup section */

/* Begin PBXNativeTarget section */
		5F1FF0931DF6A61A00C77CDE /* CAShapeLayerDemo */ = {
			isa = PBXNativeTarget;
			buildConfigurationList = 5F1FF0C11DF6A61A00C77CDE /* Build configuration list for PBXNativeTarget "CAShapeLayerDemo" */;
			buildPhases = (
				5F1FF0901DF6A61A00C77CDE /* Sources */,
				5F1FF0911DF6A61A00C77CDE /* Frameworks */,
				5F1FF0921DF6A61A00C77CDE /* Resources */,
			);
			buildRules = (
			);
			dependencies = (
			);
			name = CAShapeLayerDemo;
			productName = CAShapeLayerDemo;
			productReference = 5F1FF0941DF6A61A00C77CDE /* CAShapeLayerDemo.app */;
			productType = "com.apple.product-type.application";
		};
		5F1FF0AC1DF6A61A00C77CDE /* CAShapeLayerDemoTests */ = {
			isa = PBXNativeTarget;
			buildConfigurationList = 5F1FF0C41DF6A61A00C77CDE /* Build configuration list for PBXNativeTarget "CAShapeLayerDemoTests" */;
			buildPhases = (
				5F1FF0A91DF6A61A00C77CDE /* Sources */,
				5F1FF0AA1DF6A61A00C77CDE /* Frameworks */,
				5F1FF0AB1DF6A61A00C77CDE /* Resources */,
			);
			buildRules = (
			);
			dependencies = (
				5F1FF0AF1DF6A61A00C77CDE /* PBXTargetDependency */,
			);
			name = CAShapeLayerDemoTests;
			productName = CAShapeLayerDemoTests;
			productReference = 5F1FF0AD1DF6A61A00C77CDE /* CAShapeLayerDemoTests.xctest */;
			productType = "com.apple.product-type.bundle.unit-test";
		};
		5F1FF0B71DF6A61A00C77CDE /* CAShapeLayerDemoUITests */ = {
			isa = PBXNativeTarget;
			buildConfigurationList = 5F1FF0C71DF6A61A00C77CDE /* Build configuration list for PBXNativeTarget "CAShapeLayerDemoUITests" */;
			buildPhases = (
				5F1FF0B41DF6A61A00C77CDE /* Sources */,
				5F1FF0B51DF6A61A00C77CDE /* Frameworks */,
				5F1FF0B61DF6A61A00C77CDE /* Resources */,
			);
			buildRules = (
			);
			dependencies = (
				5F1FF0BA1DF6A61A00C77CDE /* PBXTargetDependency */,
			);
			name = CAShapeLayerDemoUITests;
			productName = CAShapeLayerDemoUITests;
			productReference = 5F1FF0B81DF6A61A00C77CDE /* CAShapeLayerDemoUITests.xctest */;
			productType = "com.apple.product-type.bundle.ui-testing";
		};
/* End PBXNativeTarget section */

/* Begin PBXProject section */
		5F1FF08C1DF6A61A00C77CDE /* Project object */ = {
			isa = PBXProject;
			attributes = {
				LastUpgradeCheck = 0810;
				ORGANIZATIONNAME = JUN;
				TargetAttributes = {
					5F1FF0931DF6A61A00C77CDE = {
						CreatedOnToolsVersion = 8.1;
						DevelopmentTeam = EFR9ZBG88M;
						ProvisioningStyle = Automatic;
					};
					5F1FF0AC1DF6A61A00C77CDE = {
						CreatedOnToolsVersion = 8.1;
						DevelopmentTeam = EFR9ZBG88M;
						ProvisioningStyle = Automatic;
						TestTargetID = 5F1FF0931DF6A61A00C77CDE;
					};
					5F1FF0B71DF6A61A00C77CDE = {
						CreatedOnToolsVersion = 8.1;
						DevelopmentTeam = EFR9ZBG88M;
						ProvisioningStyle = Automatic;
						TestTargetID = 5F1FF0931DF6A61A00C77CDE;
					};
				};
			};
			buildConfigurationList = 5F1FF08F1DF6A61A00C77CDE /* Build configuration list for PBXProject "CAShapeLayerDemo" */;
			compatibilityVersion = "Xcode 3.2";
			developmentRegion = English;
			hasScannedForEncodings = 0;
			knownRegions = (
				en,
				Base,
			);
			mainGroup = 5F1FF08B1DF6A61A00C77CDE;
			productRefGroup = 5F1FF0951DF6A61A00C77CDE /* Products */;
			projectDirPath = "";
			projectRoot = "";
			targets = (
				5F1FF0931DF6A61A00C77CDE /* CAShapeLayerDemo */,
				5F1FF0AC1DF6A61A00C77CDE /* CAShapeLayerDemoTests */,
				5F1FF0B71DF6A61A00C77CDE /* CAShapeLayerDemoUITests */,
			);
		};
/* End PBXProject section */

/* Begin PBXResourcesBuildPhase section */
		5F1FF0921DF6A61A00C77CDE /* Resources */ = {
			isa = PBXResourcesBuildPhase;
			buildActionMask = 2147483647;
			files = (
				5F1FF0A71DF6A61A00C77CDE /* LaunchScreen.storyboard in Resources */,
				5F1FF0A41DF6A61A00C77CDE /* Assets.xcassets in Resources */,
				5F1FF0A21DF6A61A00C77CDE /* Main.storyboard in Resources */,
			);
			runOnlyForDeploymentPostprocessing = 0;
		};
		5F1FF0AB1DF6A61A00C77CDE /* Resources */ = {
			isa = PBXResourcesBuildPhase;
			buildActionMask = 2147483647;
			files = (
			);
			runOnlyForDeploymentPostprocessing = 0;
		};
		5F1FF0B61DF6A61A00C77CDE /* Resources */ = {
			isa = PBXResourcesBuildPhase;
			buildActionMask = 2147483647;
			files = (
			);
			runOnlyForDeploymentPostprocessing = 0;
		};
/* End PBXResourcesBuildPhase section */

/* Begin PBXSourcesBuildPhase section */
		5F1FF0901DF6A61A00C77CDE /* Sources */ = {
			isa = PBXSourcesBuildPhase;
			buildActionMask = 2147483647;
			files = (
				5F1FF09F1DF6A61A00C77CDE /* ViewController.m in Sources */,
				5F1FF09C1DF6A61A00C77CDE /* AppDelegate.m in Sources */,
				5F1FF0991DF6A61A00C77CDE /* main.m in Sources */,
			);
			runOnlyForDeploymentPostprocessing = 0;
		};
		5F1FF0A91DF6A61A00C77CDE /* Sources */ = {
			isa = PBXSourcesBuildPhase;
			buildActionMask = 2147483647;
			files = (
				5F1FF0B21DF6A61A00C77CDE /* CAShapeLayerDemoTests.m in Sources */,
			);
			runOnlyForDeploymentPostprocessing = 0;
		};
		5F1FF0B41DF6A61A00C77CDE /* Sources */ = {
			isa = PBXSourcesBuildPhase;
			buildActionMask = 2147483647;
			files = (
				5F1FF0BD1DF6A61A00C77CDE /* CAShapeLayerDemoUITests.m in Sources */,
			);
			runOnlyForDeploymentPostprocessing = 0;
		};
/* End PBXSourcesBuildPhase section */

/* Begin PBXTargetDependency section */
		5F1FF0AF1DF6A61A00C77CDE /* PBXTargetDependency */ = {
			isa = PBXTargetDependency;
			target = 5F1FF0931DF6A61A00C77CDE /* CAShapeLayerDemo */;
			targetProxy = 5F1FF0AE1DF6A61A00C77CDE /* PBXContainerItemProxy */;
		};
		5F1FF0BA1DF6A61A00C77CDE /* PBXTargetDependency */ = {
			isa = PBXTargetDependency;
			target = 5F1FF0931DF6A61A00C77CDE /* CAShapeLayerDemo */;
			targetProxy = 5F1FF0B91DF6A61A00C77CDE /* PBXContainerItemProxy */;
		};
/* End PBXTargetDependency section */

/* Begin PBXVariantGroup section */
		5F1FF0A01DF6A61A00C77CDE /* Main.storyboard */ = {
			isa = PBXVariantGroup;
			children = (
				5F1FF0A11DF6A61A00C77CDE /* Base */,
			);
			name = Main.storyboard;
			sourceTree = "<group>";
		};
		5F1FF0A51DF6A61A00C77CDE /* LaunchScreen.storyboard */ = {
			isa = PBXVariantGroup;
			children = (
				5F1FF0A61DF6A61A00C77CDE /* Base */,
			);
			name = LaunchScreen.storyboard;
			sourceTree = "<group>";
		};
/* End PBXVariantGroup section */

/* Begin XCBuildConfiguration section */
		5F1FF0BF1DF6A61A00C77CDE /* Debug */ = {
			isa = XCBuildConfiguration;
			buildSettings = {
				ALWAYS_SEARCH_USER_PATHS = NO;
				CLANG_ANALYZER_NONNULL = YES;
				CLANG_CXX_LANGUAGE_STANDARD = "gnu++0x";
				CLANG_CXX_LIBRARY = "libc++";
				CLANG_ENABLE_MODULES = YES;
				CLANG_ENABLE_OBJC_ARC = YES;
				CLANG_WARN_BOOL_CONVERSION = YES;
				CLANG_WARN_CONSTANT_CONVERSION = YES;
				CLANG_WARN_DIRECT_OBJC_ISA_USAGE = YES_ERROR;
				CLANG_WARN_DOCUMENTATION_COMMENTS = YES;
				CLANG_WARN_EMPTY_BODY = YES;
				CLANG_WARN_ENUM_CONVERSION = YES;
				CLANG_WARN_INFINITE_RECURSION = YES;
				CLANG_WARN_INT_CONVERSION = YES;
				CLANG_WARN_OBJC_ROOT_CLASS = YES_ERROR;
				CLANG_WARN_SUSPICIOUS_MOVES = YES;
				CLANG_WARN_UNREACHABLE_CODE = YES;
				CLANG_WARN__DUPLICATE_METHOD_MATCH = YES;
				"CODE_SIGN_IDENTITY[sdk=iphoneos*]" = "iPhone Developer";
				COPY_PHASE_STRIP = NO;
				DEBUG_INFORMATION_FORMAT = dwarf;
				ENABLE_STRICT_OBJC_MSGSEND = YES;
				ENABLE_TESTABILITY = YES;
				GCC_C_LANGUAGE_STANDARD = gnu99;
				GCC_DYNAMIC_NO_PIC = NO;
				GCC_NO_COMMON_BLOCKS = YES;
				GCC_OPTIMIZATION_LEVEL = 0;
				GCC_PREPROCESSOR_DEFINITIONS = (
					"DEBUG=1",
					"$(inherited)",
				);
				GCC_WARN_64_TO_32_BIT_CONVERSION = YES;
				GCC_WARN_ABOUT_RETURN_TYPE = YES_ERROR;
				GCC_WARN_UNDECLARED_SELECTOR = YES;
				GCC_WARN_UNINITIALIZED_AUTOS = YES_AGGRESSIVE;
				GCC_WARN_UNUSED_FUNCTION = YES;
				GCC_WARN_UNUSED_VARIABLE = YES;
				IPHONEOS_DEPLOYMENT_TARGET = 10.1;
				MTL_ENABLE_DEBUG_INFO = YES;
				ONLY_ACTIVE_ARCH = YES;
				SDKROOT = iphoneos;
			};
			name = Debug;
		};
		5F1FF0C01DF6A61A00C77CDE /* Release */ = {
			isa = XCBuildConfiguration;
			buildSettings = {
				ALWAYS_SEARCH_USER_PATHS = NO;
				CLANG_ANALYZER_NONNULL = YES;
				CLANG_CXX_LANGUAGE_STANDARD = "gnu++0x";
				CLANG_CXX_LIBRARY = "libc++";
				CLANG_ENABLE_MODULES = YES;
				CLANG_ENABLE_OBJC_ARC = YES;
				CLANG_WARN_BOOL_CONVERSION = YES;
				CLANG_WARN_CONSTANT_CONVERSION = YES;
				CLANG_WARN_DIRECT_OBJC_ISA_USAGE = YES_ERROR;
				CLANG_WARN_DOCUMENTATION_COMMENTS = YES;
				CLANG_WARN_EMPTY_BODY = YES;
				CLANG_WARN_ENUM_CONVERSION = YES;
				CLANG_WARN_INFINITE_RECURSION = YES;
				CLANG_WARN_INT_CONVERSION = YES;
				CLANG_WARN_OBJC_ROOT_CLASS = YES_ERROR;
				CLANG_WARN_SUSPICIOUS_MOVES = YES;
				CLANG_WARN_UNREACHABLE_CODE = YES;
				CLANG_WARN__DUPLICATE_METHOD_MATCH = YES;
				"CODE_SIGN_IDENTITY[sdk=iphoneos*]" = "iPhone Developer";
				COPY_PHASE_STRIP = NO;
				DEBUG_INFORMATION_FORMAT = "dwarf-with-dsym";
				ENABLE_NS_ASSERTIONS = NO;
				ENABLE_STRICT_OBJC_MSGSEND = YES;
				GCC_C_LANGUAGE_STANDARD = gnu99;
				GCC_NO_COMMON_BLOCKS = YES;
				GCC_WARN_64_TO_32_BIT_CONVERSION = YES;
				GCC_WARN_ABOUT_RETURN_TYPE = YES_ERROR;
				GCC_WARN_UNDECLARED_SELECTOR = YES;
				GCC_WARN_UNINITIALIZED_AUTOS = YES_AGGRESSIVE;
				GCC_WARN_UNUSED_FUNCTION = YES;
				GCC_WARN_UNUSED_VARIABLE = YES;
				IPHONEOS_DEPLOYMENT_TARGET = 10.1;
				MTL_ENABLE_DEBUG_INFO = NO;
				SDKROOT = iphoneos;
				VALIDATE_PRODUCT = YES;
			};
			name = Release;
		};
		5F1FF0C21DF6A61A00C77CDE /* Debug */ = {
			isa = XCBuildConfiguration;
			buildSettings = {
				ASSETCATALOG_COMPILER_APPICON_NAME = AppIcon;
				DEVELOPMENT_TEAM = EFR9ZBG88M;
				INFOPLIST_FILE = CAShapeLayerDemo/Info.plist;
				LD_RUNPATH_SEARCH_PATHS = "$(inherited) @executable_path/Frameworks";
				PRODUCT_BUNDLE_IDENTIFIER = JUN.CAShapeLayerDemo;
				PRODUCT_NAME = "$(TARGET_NAME)";
			};
			name = Debug;
		};
		5F1FF0C31DF6A61A00C77CDE /* Release */ = {
			isa = XCBuildConfiguration;
			buildSettings = {
				ASSETCATALOG_COMPILER_APPICON_NAME = AppIcon;
				DEVELOPMENT_TEAM = EFR9ZBG88M;
				INFOPLIST_FILE = CAShapeLayerDemo/Info.plist;
				LD_RUNPATH_SEARCH_PATHS = "$(inherited) @executable_path/Frameworks";
				PRODUCT_BUNDLE_IDENTIFIER = JUN.CAShapeLayerDemo;
				PRODUCT_NAME = "$(TARGET_NAME)";
			};
			name = Release;
		};
		5F1FF0C51DF6A61A00C77CDE /* Debug */ = {
			isa = XCBuildConfiguration;
			buildSettings = {
				BUNDLE_LOADER = "$(TEST_HOST)";
				DEVELOPMENT_TEAM = EFR9ZBG88M;
				INFOPLIST_FILE = CAShapeLayerDemoTests/Info.plist;
				LD_RUNPATH_SEARCH_PATHS = "$(inherited) @executable_path/Frameworks @loader_path/Frameworks";
				PRODUCT_BUNDLE_IDENTIFIER = JUN.CAShapeLayerDemoTests;
				PRODUCT_NAME = "$(TARGET_NAME)";
				TEST_HOST = "$(BUILT_PRODUCTS_DIR)/CAShapeLayerDemo.app/CAShapeLayerDemo";
			};
			name = Debug;
		};
		5F1FF0C61DF6A61A00C77CDE /* Release */ = {
			isa = XCBuildConfiguration;
			buildSettings = {
				BUNDLE_LOADER = "$(TEST_HOST)";
				DEVELOPMENT_TEAM = EFR9ZBG88M;
				INFOPLIST_FILE = CAShapeLayerDemoTests/Info.plist;
				LD_RUNPATH_SEARCH_PATHS = "$(inherited) @executable_path/Frameworks @loader_path/Frameworks";
				PRODUCT_BUNDLE_IDENTIFIER = JUN.CAShapeLayerDemoTests;
				PRODUCT_NAME = "$(TARGET_NAME)";
				TEST_HOST = "$(BUILT_PRODUCTS_DIR)/CAShapeLayerDemo.app/CAShapeLayerDemo";
			};
			name = Release;
		};
		5F1FF0C81DF6A61A00C77CDE /* Debug */ = {
			isa = XCBuildConfiguration;
			buildSettings = {
				DEVELOPMENT_TEAM = EFR9ZBG88M;
				INFOPLIST_FILE = CAShapeLayerDemoUITests/Info.plist;
				LD_RUNPATH_SEARCH_PATHS = "$(inherited) @executable_path/Frameworks @loader_path/Frameworks";
				PRODUCT_BUNDLE_IDENTIFIER = JUN.CAShapeLayerDemoUITests;
				PRODUCT_NAME = "$(TARGET_NAME)";
				TEST_TARGET_NAME = CAShapeLayerDemo;
			};
			name = Debug;
		};
		5F1FF0C91DF6A61A00C77CDE /* Release */ = {
			isa = XCBuildConfiguration;
			buildSettings = {
				DEVELOPMENT_TEAM = EFR9ZBG88M;
				INFOPLIST_FILE = CAShapeLayerDemoUITests/Info.plist;
				LD_RUNPATH_SEARCH_PATHS = "$(inherited) @executable_path/Frameworks @loader_path/Frameworks";
				PRODUCT_BUNDLE_IDENTIFIER = JUN.CAShapeLayerDemoUITests;
				PRODUCT_NAME = "$(TARGET_NAME)";
				TEST_TARGET_NAME = CAShapeLayerDemo;
			};
			name = Release;
		};
/* End XCBuildConfiguration section */

/* Begin XCConfigurationList section */
		5F1FF08F1DF6A61A00C77CDE /* Build configuration list for PBXProject "CAShapeLayerDemo" */ = {
			isa = XCConfigurationList;
			buildConfigurations = (
				5F1FF0BF1DF6A61A00C77CDE /* Debug */,
				5F1FF0C01DF6A61A00C77CDE /* Release */,
			);
			defaultConfigurationIsVisible = 0;
			defaultConfigurationName = Release;
		};
		5F1FF0C11DF6A61A00C77CDE /* Build configuration list for PBXNativeTarget "CAShapeLayerDemo" */ = {
			isa = XCConfigurationList;
			buildConfigurations = (
				5F1FF0C21DF6A61A00C77CDE /* Debug */,
				5F1FF0C31DF6A61A00C77CDE /* Release */,
			);
			defaultConfigurationIsVisible = 0;
		};
		5F1FF0C41DF6A61A00C77CDE /* Build configuration list for PBXNativeTarget "CAShapeLayerDemoTests" */ = {
			isa = XCConfigurationList;
			buildConfigurations = (
				5F1FF0C51DF6A61A00C77CDE /* Debug */,
				5F1FF0C61DF6A61A00C77CDE /* Release */,
			);
			defaultConfigurationIsVisible = 0;
		};
		5F1FF0C71DF6A61A00C77CDE /* Build configuration list for PBXNativeTarget "CAShapeLayerDemoUITests" */ = {
			isa = XCConfigurationList;
			buildConfigurations = (
				5F1FF0C81DF6A61A00C77CDE /* Debug */,
				5F1FF0C91DF6A61A00C77CDE /* Release */,
			);
			defaultConfigurationIsVisible = 0;
		};
/* End XCConfigurationList section */
	};
	rootObject = 5F1FF08C1DF6A61A00C77CDE /* Project object */;
}
